{
  "nodes": {
    "PIthon": {
      "flake": false,
      "locked": {
        "lastModified": 1788134659,
        "narHash": "sha256-tHNRypO3GML6S7tpmYY4xbf7C4EXSKj3qYtW/4X/oJg=",
        "ref": "refs/heads/main",
        "rev": "659f760b474372fbbcca1064ec177104619a6e0d",
        "revCount": 6,
        "submodules": true,
        "type": "git",
        "url": "file:./pkgs/PIthon"
      },
      "original": {
        "submodules": true,
        "type": "git",
        "url": "file:./pkgs/PIthon"
      }
    },
    "flake-parts": {
      "inputs": {
        "nixpkgs-lib": "nixpkgs-lib"
      },
      "locked": {
        "lastModified": 1787559586,
        "narHash": "sha256-onL0VLf9vPllmT0H/OlURIU5r5t5WIEl7t4tVNKT0Nw=",
        "owner": "hercules-ci",
        "repo": "flake-parts",
        "rev": "9d0d87172c374f89da73c1cfe6d81ae62feac1f1",
        "type": "github"
      },
      "original": {
        "owner": "hercules-ci",
        "repo": "flake-parts",
        "type": "github"
      }
    },
    "minimus": {
      "flake": false,
      "locked": {
        "lastModified": 1788134410,
        "narHash": "sha256-slRzJ/lb7XQ5cc9YbimxbwntVtibSBmugX5+mgWuER8=",
        "ref": "refs/heads/main",
        "rev": "d9589a6db062033c3a173c29a76276c504dbb351",
        "revCount": 24,
        "submodules": true,
        "type": "git",
        "url": "file:./pkgs/minimus"
      },
      "original": {
        "submodules": true,
        "type": "git",
        "url": "file:./pkgs/minimus"
      }
    },
    "nixpkgs": {
      "locked": {
        "lastModified": 1787848966,
        "narHash": "sha256-7gDpu5hpq0rOYnYMcOWqSzquK4HA/xU8Xf3CjUBOOJA=",
        "owner": "NixOS",
        "repo": "nixpkgs",
        "rev": "d57af924f160a5084293c71c2043f058bd1cdb60",
        "type": "github"
      },
      "original": {
        "id": "nixpkgs",
        "type": "indirect"
      }
    },
    "nixpkgs-lib": {
      "locked": {
        "lastModified": 1785031560,
        "narHash": "sha256-OmshNvn2vupOFpYinLUu+1Dnpu4n7Q5N3ggGVNHpkUI=",
        "owner": "nix-community",
        "repo": "nixpkgs.lib",
        "rev": "0e79af5e3d4dcfcd676ab5ba3f95d2e3352e078c",
        "type": "github"
      },
      "original": {
        "owner": "nix-community",
        "repo": "nixpkgs.lib",
        "type": "github"
      }
    },
    "root": {
      "inputs": {
        "PIthon": "PIthon",
        "flake-parts": "flake-parts",
        "minimus": "minimus",
        "nixpkgs": "nixpkgs"
      }
    }
  },
  "root": "root",
  "version": 7
}
